
Microsoft Visual Studio Solution File, Format Version 12.00
# Visual Studio Version 17
VisualStudioVersion = 17.7.34003.232
MinimumVisualStudioVersion = 10.0.40219.1
Project("{FAE04EC0-301F-11D3-BF4B-00C04F79EFBC}") = "hello world_collin hayes", "hello world_collin hayes\hello world_collin hayes.csproj", "{7E98C916-AE56-403D-AD9E-3FB351B2F7E5}"
EndProject
Global
	GlobalSection(SolutionConfigurationPlatforms) = preSolution
		Debug|Any CPU = Debug|Any CPU
		Release|Any CPU = Release|Any CPU
	EndGlobalSection
	GlobalSection(ProjectConfigurationPlatforms) = postSolution
		{7E98C916-AE56-403D-AD9E-3FB351B2F7E5}.Debug|Any CPU.ActiveCfg = Debug|Any CPU
		{7E98C916-AE56-403D-AD9E-3FB351B2F7E5}.Debug|Any CPU.Build.0 = Debug|Any CPU
		{7E98C916-AE56-403D-AD9E-3FB351B2F7E5}.Release|Any CPU.ActiveCfg = Release|Any CPU
		{7E98C916-AE56-403D-AD9E-3FB351B2F7E5}.Release|Any CPU.Build.0 = Release|Any CPU
	EndGlobalSection
	GlobalSection(SolutionProperties) = preSolution
		HideSolutionNode = FALSE
	EndGlobalSection
	GlobalSection(ExtensibilityGlobals) = postSolution
		SolutionGuid = {A1BF4638-99DD-4EB6-B2BA-5D954024F5D7}
	EndGlobalSection
EndGlobal
